
Microsoft Visual Studio Solution File, Format Version 12.00
# Visual Studio Version 17
VisualStudioVersion = 17.2.32602.215
MinimumVisualStudioVersion = 10.0.40219.1
Project("{FAE04EC0-301F-11D3-BF4B-00C04F79EFBC}") = "NightClub", "NightClub\NightClub.csproj", "{6D93D0A7-2A7A-43BB-866C-277F53BF9955}"
EndProject
Global
	GlobalSection(SolutionConfigurationPlatforms) = preSolution
		Debug|Any CPU = Debug|Any CPU
		Release|Any CPU = Release|Any CPU
	EndGlobalSection
	GlobalSection(ProjectConfigurationPlatforms) = postSolution
		{6D93D0A7-2A7A-43BB-866C-277F53BF9955}.Debug|Any CPU.ActiveCfg = Debug|Any CPU
		{6D93D0A7-2A7A-43BB-866C-277F53BF9955}.Debug|Any CPU.Build.0 = Debug|Any CPU
		{6D93D0A7-2A7A-43BB-866C-277F53BF9955}.Release|Any CPU.ActiveCfg = Release|Any CPU
		{6D93D0A7-2A7A-43BB-866C-277F53BF9955}.Release|Any CPU.Build.0 = Release|Any CPU
	EndGlobalSection
	GlobalSection(SolutionProperties) = preSolution
		HideSolutionNode = FALSE
	EndGlobalSection
	GlobalSection(ExtensibilityGlobals) = postSolution
		SolutionGuid = {FCE578E4-363E-4D6A-AF21-202A2070B963}
	EndGlobalSection
EndGlobal
